
Microsoft Visual Studio Solution File, Format Version 12.00
# Visual Studio Version 16
VisualStudioVersion = 16.0.33529.622
MinimumVisualStudioVersion = 10.0.40219.1
Project("{FAE04EC0-301F-11D3-BF4B-00C04F79EFBC}") = "Pet Class", "Pet Class.csproj", "{AE2816F4-D6DC-4127-96DD-F01E2696BF64}"
EndProject
Global
	GlobalSection(SolutionConfigurationPlatforms) = preSolution
		Debug|Any CPU = Debug|Any CPU
		Release|Any CPU = Release|Any CPU
	EndGlobalSection
	GlobalSection(ProjectConfigurationPlatforms) = postSolution
		{AE2816F4-D6DC-4127-96DD-F01E2696BF64}.Debug|Any CPU.ActiveCfg = Debug|Any CPU
		{AE2816F4-D6DC-4127-96DD-F01E2696BF64}.Debug|Any CPU.Build.0 = Debug|Any CPU
		{AE2816F4-D6DC-4127-96DD-F01E2696BF64}.Release|Any CPU.ActiveCfg = Release|Any CPU
		{AE2816F4-D6DC-4127-96DD-F01E2696BF64}.Release|Any CPU.Build.0 = Release|Any CPU
	EndGlobalSection
	GlobalSection(SolutionProperties) = preSolution
		HideSolutionNode = FALSE
	EndGlobalSection
	GlobalSection(ExtensibilityGlobals) = postSolution
		SolutionGuid = {871124DE-4286-4A18-8A4D-12BBCD15CA71}
	EndGlobalSection
EndGlobal
